{
  "object": {
    "pins": [
      {
        "package": "Pitchy",
        "repositoryURL": "https://github.com/KittenYang/Pitchy.git",
        "state": {
          "branch": "master",
          "revision": "e121af36356d932af9b5ad6588856644a2f80026",
          "version": null
        }
      }
    ]
  },
  "version": 1
}
